
Microsoft Visual Studio Solution File, Format Version 12.00
# Visual Studio Version 17
VisualStudioVersion = 17.8.34316.72
MinimumVisualStudioVersion = 10.0.40219.1
Project("{FAE04EC0-301F-11D3-BF4B-00C04F79EFBC}") = "HexToASCII", "HexToASCII.csproj", "{4F823DB7-5C34-419C-AE39-22F37359673E}"
EndProject
Global
	GlobalSection(SolutionConfigurationPlatforms) = preSolution
		Debug|Any CPU = Debug|Any CPU
		Release|Any CPU = Release|Any CPU
	EndGlobalSection
	GlobalSection(ProjectConfigurationPlatforms) = postSolution
		{4F823DB7-5C34-419C-AE39-22F37359673E}.Debug|Any CPU.ActiveCfg = Debug|Any CPU
		{4F823DB7-5C34-419C-AE39-22F37359673E}.Debug|Any CPU.Build.0 = Debug|Any CPU
		{4F823DB7-5C34-419C-AE39-22F37359673E}.Release|Any CPU.ActiveCfg = Release|Any CPU
		{4F823DB7-5C34-419C-AE39-22F37359673E}.Release|Any CPU.Build.0 = Release|Any CPU
	EndGlobalSection
	GlobalSection(SolutionProperties) = preSolution
		HideSolutionNode = FALSE
	EndGlobalSection
	GlobalSection(ExtensibilityGlobals) = postSolution
		SolutionGuid = {CE509BCE-0FC8-4440-B12E-225EEFEEBF8F}
	EndGlobalSection
EndGlobal
